
Microsoft Visual Studio Solution File, Format Version 12.00
# Visual Studio Version 16
VisualStudioVersion = 16.0.30011.22
MinimumVisualStudioVersion = 10.0.40219.1
Project("{8BC9CEB8-8B4A-11D0-8D11-00A0C91BC942}") = "1114", "1114\1114.vcxproj", "{4A9EBC44-A016-4920-8CF8-CFEDE9E412CB}"
EndProject
Global
	GlobalSection(SolutionConfigurationPlatforms) = preSolution
		Debug|x64 = Debug|x64
		Debug|x86 = Debug|x86
		Release|x64 = Release|x64
		Release|x86 = Release|x86
	EndGlobalSection
	GlobalSection(ProjectConfigurationPlatforms) = postSolution
		{4A9EBC44-A016-4920-8CF8-CFEDE9E412CB}.Debug|x64.ActiveCfg = Debug|x64
		{4A9EBC44-A016-4920-8CF8-CFEDE9E412CB}.Debug|x64.Build.0 = Debug|x64
		{4A9EBC44-A016-4920-8CF8-CFEDE9E412CB}.Debug|x86.ActiveCfg = Debug|Win32
		{4A9EBC44-A016-4920-8CF8-CFEDE9E412CB}.Debug|x86.Build.0 = Debug|Win32
		{4A9EBC44-A016-4920-8CF8-CFEDE9E412CB}.Release|x64.ActiveCfg = Release|x64
		{4A9EBC44-A016-4920-8CF8-CFEDE9E412CB}.Release|x64.Build.0 = Release|x64
		{4A9EBC44-A016-4920-8CF8-CFEDE9E412CB}.Release|x86.ActiveCfg = Release|Win32
		{4A9EBC44-A016-4920-8CF8-CFEDE9E412CB}.Release|x86.Build.0 = Release|Win32
	EndGlobalSection
	GlobalSection(SolutionProperties) = preSolution
		HideSolutionNode = FALSE
	EndGlobalSection
	GlobalSection(ExtensibilityGlobals) = postSolution
		SolutionGuid = {E6268462-CDA2-4B96-B51C-B0FE1A42B3E8}
	EndGlobalSection
EndGlobal
